{
  "name": "using-pool",
  "version": "1.0.0",
  "lockfileVersion": 1,
  "requires": true,
  "dependencies": {
    "typescript": {
      "version": "5.2.0-beta",
      "resolved": "https://registry.npmjs.org/typescript/-/typescript-5.2.0-beta.tgz",
      "integrity": "sha512-z5cq8BXVwaY8cwltw0BiyHRCVXen3QNgIzIcJV4NiLzaWvavxltzFSXd2csO4HoBjlGnuG+/LLbUZ8is3fD6iA==",
      "dev": true
    }
  }
}
